
Microsoft Visual Studio Solution File, Format Version 12.00
# Visual Studio Version 17
VisualStudioVersion = 17.9.34728.123
MinimumVisualStudioVersion = 10.0.40219.1
Project("{FAE04EC0-301F-11D3-BF4B-00C04F79EFBC}") = "ShapeLib", "src\ShapeLib\ShapeLib.csproj", "{0654027B-9E31-4BF9-B33A-1EE0F7634536}"
EndProject
Project("{2150E333-8FDC-42A3-9474-1A3956D46DE8}") = "src", "src", "{430B8E32-8789-4D9D-A6B9-8FD33976300A}"
EndProject
Project("{2150E333-8FDC-42A3-9474-1A3956D46DE8}") = "tests", "tests", "{5B456C91-FC9F-40D4-8247-34AA72ADC5B3}"
EndProject
Project("{FAE04EC0-301F-11D3-BF4B-00C04F79EFBC}") = "ShapeLib.Tests", "tests\ShapeLib.Tests\ShapeLib.Tests.csproj", "{4B822F46-6313-4F28-BCEE-5408675C7540}"
EndProject
Project("{2150E333-8FDC-42A3-9474-1A3956D46DE8}") = "common", "common", "{23A43E9C-53FE-468D-BB17-1C48D4473AD9}"
	ProjectSection(SolutionItems) = preProject
		Directory.Build.props = Directory.Build.props
		..\.gitignore = ..\.gitignore
	EndProjectSection
EndProject
Global
	GlobalSection(SolutionConfigurationPlatforms) = preSolution
		Debug|Any CPU = Debug|Any CPU
		Release|Any CPU = Release|Any CPU
	EndGlobalSection
	GlobalSection(ProjectConfigurationPlatforms) = postSolution
		{0654027B-9E31-4BF9-B33A-1EE0F7634536}.Debug|Any CPU.ActiveCfg = Debug|Any CPU
		{0654027B-9E31-4BF9-B33A-1EE0F7634536}.Debug|Any CPU.Build.0 = Debug|Any CPU
		{0654027B-9E31-4BF9-B33A-1EE0F7634536}.Release|Any CPU.ActiveCfg = Release|Any CPU
		{0654027B-9E31-4BF9-B33A-1EE0F7634536}.Release|Any CPU.Build.0 = Release|Any CPU
		{4B822F46-6313-4F28-BCEE-5408675C7540}.Debug|Any CPU.ActiveCfg = Debug|Any CPU
		{4B822F46-6313-4F28-BCEE-5408675C7540}.Debug|Any CPU.Build.0 = Debug|Any CPU
		{4B822F46-6313-4F28-BCEE-5408675C7540}.Release|Any CPU.ActiveCfg = Release|Any CPU
		{4B822F46-6313-4F28-BCEE-5408675C7540}.Release|Any CPU.Build.0 = Release|Any CPU
	EndGlobalSection
	GlobalSection(SolutionProperties) = preSolution
		HideSolutionNode = FALSE
	EndGlobalSection
	GlobalSection(ExtensibilityGlobals) = postSolution
		SolutionGuid = {524A4970-A8F5-4D5E-8B63-8890F700790C}
	EndGlobalSection
	GlobalSection(NestedProjects) = preSolution
		{0654027B-9E31-4BF9-B33A-1EE0F7634536} = {430B8E32-8789-4D9D-A6B9-8FD33976300A}
		{4B822F46-6313-4F28-BCEE-5408675C7540} = {5B456C91-FC9F-40D4-8247-34AA72ADC5B3}
	EndGlobalSection
EndGlobal
